
Microsoft Visual Studio Solution File, Format Version 12.00
# Visual Studio Version 17
VisualStudioVersion = 17.7.34221.43
MinimumVisualStudioVersion = 10.0.40219.1
Project("{FAE04EC0-301F-11D3-BF4B-00C04F79EFBC}") = "Project4", "Project4\Project4.csproj", "{03B73939-DD1E-4A25-A603-DC4DFF580428}"
EndProject
Global
	GlobalSection(SolutionConfigurationPlatforms) = preSolution
		Debug|Any CPU = Debug|Any CPU
		Release|Any CPU = Release|Any CPU
	EndGlobalSection
	GlobalSection(ProjectConfigurationPlatforms) = postSolution
		{03B73939-DD1E-4A25-A603-DC4DFF580428}.Debug|Any CPU.ActiveCfg = Debug|Any CPU
		{03B73939-DD1E-4A25-A603-DC4DFF580428}.Debug|Any CPU.Build.0 = Debug|Any CPU
		{03B73939-DD1E-4A25-A603-DC4DFF580428}.Release|Any CPU.ActiveCfg = Release|Any CPU
		{03B73939-DD1E-4A25-A603-DC4DFF580428}.Release|Any CPU.Build.0 = Release|Any CPU
	EndGlobalSection
	GlobalSection(SolutionProperties) = preSolution
		HideSolutionNode = FALSE
	EndGlobalSection
	GlobalSection(ExtensibilityGlobals) = postSolution
		SolutionGuid = {61C26D07-EF75-44AF-8024-3581AC1BDEAB}
	EndGlobalSection
EndGlobal
